# THIS IS AN AUTOGENERATED FILE. DO NOT EDIT THIS FILE DIRECTLY.
# yarn lockfile v1


"@types/tinycolor2@^1.4.0":
  version "1.4.6"
  resolved "https://registry.yarnpkg.com/@types/tinycolor2/-/tinycolor2-1.4.6.tgz#670cbc0caf4e58dd61d1e3a6f26386e473087f06"
  integrity sha512-iEN8J0BoMnsWBqjVbWH/c0G0Hh7O21lpR2/+PrvAVgWdzL7eexIFm4JN/Wn10PTcmNdtS6U67r499mlWMXOxNw==

chalk@^5.3.0, chalk@^5.6.2:
  version "5.6.2"
  resolved "https://registry.yarnpkg.com/chalk/-/chalk-5.6.2.tgz#b1238b6e23ea337af71c7f8a295db5af0c158aea"
  integrity sha512-7NzBL0rN6fMUW+f7A6Io4h40qQlG+xGmtMxfbnH/K7TAtt8JQWVQK+6g0UXKMeVJoyV5EkkNsErQ8pVD3bLHbA==

commander@^14.0.0:
  version "14.0.2"
  resolved "https://registry.yarnpkg.com/commander/-/commander-14.0.2.tgz#b71fd37fe4069e4c3c7c13925252ada4eba14e8e"
  integrity sha512-TywoWNNRbhoD0BXs1P3ZEScW8W5iKrnbithIl0YH+uCmBd0QpPOA8yc82DS3BIE5Ma6FnBVUsJ7wVUDz4dvOWQ==

figlet@^1.9.4:
  version "1.9.4"
  resolved "https://registry.yarnpkg.com/figlet/-/figlet-1.9.4.tgz#2f642d6ba473b186cb6b9052c180045ba638685d"
  integrity sha512-uN6QE+TrzTAHC1IWTyrc4FfGo2KH/82J8Jl1tyKB7+z5DBit/m3D++Iu5lg91qJMnQQ3vpJrj5gxcK/pk4R9tQ==
  dependencies:
    commander "^14.0.0"

gradient-string@^3.0.0:
  version "3.0.0"
  resolved "https://registry.yarnpkg.com/gradient-string/-/gradient-string-3.0.0.tgz#716d6d6f35309513fa92d38f506c6df0ce1f5ebb"
  integrity sha512-frdKI4Qi8Ihp4C6wZNB565de/THpIaw3DjP5ku87M+N9rNSGmPTjfkq61SdRXB7eCaL8O1hkKDvf6CDMtOzIAg==
  dependencies:
    chalk "^5.3.0"
    tinygradient "^1.1.5"

systeminformation@^5.30.3:
  version "5.30.3"
  resolved "https://registry.yarnpkg.com/systeminformation/-/systeminformation-5.30.3.tgz#33ae9abbc563470975de3dc9866f7e7e97d55238"
  integrity sha512-NgHJUpA+y7j4asLQa9jgBt+Eb2piyQIXQ+YjOyd2K0cHNwbNJ6I06F5afOqOiaCuV/wrEyGrb0olg4aFLlJD+A==

tinycolor2@^1.0.0:
  version "1.6.0"
  resolved "https://registry.yarnpkg.com/tinycolor2/-/tinycolor2-1.6.0.tgz#f98007460169b0263b97072c5ae92484ce02d09e"
  integrity sha512-XPaBkWQJdsf3pLKJV9p4qN/S+fm2Oj8AIPo1BTUhg5oxkvm9+SVEGFdhyOz7tTdUTfvxMiAs4sp6/eZO2Ew+pw==

tinygradient@^1.1.5:
  version "1.1.5"
  resolved "https://registry.yarnpkg.com/tinygradient/-/tinygradient-1.1.5.tgz#0fb855ceb18d96b21ba780b51a8012033b2530ef"
  integrity sha512-8nIfc2vgQ4TeLnk2lFj4tRLvvJwEfQuabdsmvDdQPT0xlk9TaNtpGd6nNRxXoK6vQhN6RSzj+Cnp5tTQmpxmbw==
  dependencies:
    "@types/tinycolor2" "^1.4.0"
    tinycolor2 "^1.0.0"
