# THIS IS AN AUTOGENERATED FILE. DO NOT EDIT THIS FILE DIRECTLY.
# yarn lockfile v1


chalk@^5.6.2:
  version "5.6.2"
  resolved "https://registry.yarnpkg.com/chalk/-/chalk-5.6.2.tgz#b1238b6e23ea337af71c7f8a295db5af0c158aea"
  integrity sha512-7NzBL0rN6fMUW+f7A6Io4h40qQlG+xGmtMxfbnH/K7TAtt8JQWVQK+6g0UXKMeVJoyV5EkkNsErQ8pVD3bLHbA==

systeminformation@^5.30.3:
  version "5.30.3"
  resolved "https://registry.yarnpkg.com/systeminformation/-/systeminformation-5.30.3.tgz#33ae9abbc563470975de3dc9866f7e7e97d55238"
  integrity sha512-NgHJUpA+y7j4asLQa9jgBt+Eb2piyQIXQ+YjOyd2K0cHNwbNJ6I06F5afOqOiaCuV/wrEyGrb0olg4aFLlJD+A==
